{
  "name": "basic-validator",
  "version": "1.0.0",
  "lockfileVersion": 2,
  "requires": true,
  "packages": {
    "": {
      "version": "1.0.0",
      "license": "MIT",
      "dependencies": {
        "basic-shamsi": "^1.0.4"
      }
    },
    "node_modules/basic-shamsi": {
      "version": "1.0.4",
      "resolved": "https://registry.npmjs.org/basic-shamsi/-/basic-shamsi-1.0.4.tgz",
      "integrity": "sha512-VDkb/8AvwtDmrQ8v1aLHyluunB4E1aXr6jEIAfVJjkej/KgLucvniWCsvAcZaPqfvVSVAwunX6hTkpONI4emGg=="
    }
  },
  "dependencies": {
    "basic-shamsi": {
      "version": "1.0.4",
      "resolved": "https://registry.npmjs.org/basic-shamsi/-/basic-shamsi-1.0.4.tgz",
      "integrity": "sha512-VDkb/8AvwtDmrQ8v1aLHyluunB4E1aXr6jEIAfVJjkej/KgLucvniWCsvAcZaPqfvVSVAwunX6hTkpONI4emGg=="
    }
  }
}
